// !$*UTF8*$!
{
	archiveVersion = 1;
	classes = {
	};
	objectVersion = 48;
	objects = {

/* Begin PBXBuildFile section */
		57AAD8E52062E29E00136719 /* main.c in Sources */ = {isa = PBXBuildFile; fileRef = 57AAD8E42062E29E00136719 /* main.c */; };
		57AAD8F12062E2E400136719 /* libwcm.a in Frameworks */ = {isa = PBXBuildFile; fileRef = 57AAD8EB2062E2C900136719 /* libwcm.a */; };
		57AAD8F32062E3EF00136719 /* libglfw.dylib in Frameworks */ = {isa = PBXBuildFile; fileRef = 57AAD8F22062E3EE00136719 /* libglfw.dylib */; };
/* End PBXBuildFile section */

/* Begin PBXContainerItemProxy section */
		57AAD8EA2062E2C900136719 /* PBXContainerItemProxy */ = {
			isa = PBXContainerItemProxy;
			containerPortal = 57AAD8E62062E2C900136719 /* wcm.xcodeproj */;
			proxyType = 2;
			remoteGlobalIDString = 5760ECAF2062D68C00430B0A;
			remoteInfo = wcm;
		};
		57AAD8ED2062E2E100136719 /* PBXContainerItemProxy */ = {
			isa = PBXContainerItemProxy;
			containerPortal = 57AAD8E62062E2C900136719 /* wcm.xcodeproj */;
			proxyType = 1;
			remoteGlobalIDString = 5760ECAE2062D68C00430B0A;
			remoteInfo = wcm;
		};
/* End PBXContainerItemProxy section */

/* Begin PBXCopyFilesBuildPhase section */
		57AAD8D62062E27600136719 /* CopyFiles */ = {
			isa = PBXCopyFilesBuildPhase;
			buildActionMask = 2147483647;
			dstPath = /usr/share/man/man1/;
			dstSubfolderSpec = 0;
			files = (
			);
			runOnlyForDeploymentPostprocessing = 1;
		};
/* End PBXCopyFilesBuildPhase section */

/* Begin PBXFileReference section */
		57AAD8D82062E27600136719 /* wcm_demo */ = {isa = PBXFileReference; explicitFileType = "compiled.mach-o.executable"; includeInIndex = 0; path = wcm_demo; sourceTree = BUILT_PRODUCTS_DIR; };
		57AAD8E42062E29E00136719 /* main.c */ = {isa = PBXFileReference; fileEncoding = 4; lastKnownFileType = sourcecode.c.c; path = main.c; sourceTree = "<group>"; };
		57AAD8E62062E2C900136719 /* wcm.xcodeproj */ = {isa = PBXFileReference; lastKnownFileType = "wrapper.pb-project"; name = wcm.xcodeproj; path = ../../work/wcm.xcodeproj; sourceTree = "<group>"; };
		57AAD8F22062E3EE00136719 /* libglfw.dylib */ = {isa = PBXFileReference; lastKnownFileType = "compiled.mach-o.dylib"; name = libglfw.dylib; path = ../../../../../../usr/local/lib/libglfw.dylib; sourceTree = "<group>"; };
/* End PBXFileReference section */

/* Begin PBXFrameworksBuildPhase section */
		57AAD8D52062E27600136719 /* Frameworks */ = {
			isa = PBXFrameworksBuildPhase;
			buildActionMask = 2147483647;
			files = (
				57AAD8F12062E2E400136719 /* libwcm.a in Frameworks */,
				57AAD8F32062E3EF00136719 /* libglfw.dylib in Frameworks */,
			);
			runOnlyForDeploymentPostprocessing = 0;
		};
/* End PBXFrameworksBuildPhase section */

/* Begin PBXGroup section */
		57AAD8CF2062E27600136719 = {
			isa = PBXGroup;
			children = (
				57AAD8E62062E2C900136719 /* wcm.xcodeproj */,
				57AAD8F22062E3EE00136719 /* libglfw.dylib */,
				57AAD8F42062E3F400136719 /* lib */,
				57AAD8E32062E29E00136719 /* src */,
				57AAD8D92062E27600136719 /* Products */,
				57AAD8F02062E2E400136719 /* Frameworks */,
			);
			sourceTree = "<group>";
		};
		57AAD8D92062E27600136719 /* Products */ = {
			isa = PBXGroup;
			children = (
				57AAD8D82062E27600136719 /* wcm_demo */,
			);
			name = Products;
			sourceTree = "<group>";
		};
		57AAD8E32062E29E00136719 /* src */ = {
			isa = PBXGroup;
			children = (
				57AAD8E42062E29E00136719 /* main.c */,
			);
			name = src;
			path = ../src;
			sourceTree = "<group>";
		};
		57AAD8E72062E2C900136719 /* Products */ = {
			isa = PBXGroup;
			children = (
				57AAD8EB2062E2C900136719 /* libwcm.a */,
			);
			name = Products;
			sourceTree = "<group>";
		};
		57AAD8F02062E2E400136719 /* Frameworks */ = {
			isa = PBXGroup;
			children = (
			);
			name = Frameworks;
			sourceTree = "<group>";
		};
		57AAD8F42062E3F400136719 /* lib */ = {
			isa = PBXGroup;
			children = (
			);
			path = lib;
			sourceTree = "<group>";
		};
/* End PBXGroup section */

/* Begin PBXNativeTarget section */
		57AAD8D72062E27600136719 /* wcm_demo */ = {
			isa = PBXNativeTarget;
			buildConfigurationList = 57AAD8DF2062E27600136719 /* Build configuration list for PBXNativeTarget "wcm_demo" */;
			buildPhases = (
				57AAD8D42062E27600136719 /* Sources */,
				57AAD8D52062E27600136719 /* Frameworks */,
				57AAD8D62062E27600136719 /* CopyFiles */,
			);
			buildRules = (
			);
			dependencies = (
				57AAD8EE2062E2E100136719 /* PBXTargetDependency */,
			);
			name = wcm_demo;
			productName = wcm_demo;
			productReference = 57AAD8D82062E27600136719 /* wcm_demo */;
			productType = "com.apple.product-type.tool";
		};
/* End PBXNativeTarget section */

/* Begin PBXProject section */
		57AAD8D02062E27600136719 /* Project object */ = {
			isa = PBXProject;
			attributes = {
				LastUpgradeCheck = 0920;
				ORGANIZATIONNAME = vaporstack;
				TargetAttributes = {
					57AAD8D72062E27600136719 = {
						CreatedOnToolsVersion = 9.2;
						ProvisioningStyle = Automatic;
					};
				};
			};
			buildConfigurationList = 57AAD8D32062E27600136719 /* Build configuration list for PBXProject "wcm_demo" */;
			compatibilityVersion = "Xcode 8.0";
			developmentRegion = en;
			hasScannedForEncodings = 0;
			knownRegions = (
				en,
			);
			mainGroup = 57AAD8CF2062E27600136719;
			productRefGroup = 57AAD8D92062E27600136719 /* Products */;
			projectDirPath = "";
			projectReferences = (
				{
					ProductGroup = 57AAD8E72062E2C900136719 /* Products */;
					ProjectRef = 57AAD8E62062E2C900136719 /* wcm.xcodeproj */;
				},
			);
			projectRoot = "";
			targets = (
				57AAD8D72062E27600136719 /* wcm_demo */,
			);
		};
/* End PBXProject section */

/* Begin PBXReferenceProxy section */
		57AAD8EB2062E2C900136719 /* libwcm.a */ = {
			isa = PBXReferenceProxy;
			fileType = archive.ar;
			path = libwcm.a;
			remoteRef = 57AAD8EA2062E2C900136719 /* PBXContainerItemProxy */;
			sourceTree = BUILT_PRODUCTS_DIR;
		};
/* End PBXReferenceProxy section */

/* Begin PBXSourcesBuildPhase section */
		57AAD8D42062E27600136719 /* Sources */ = {
			isa = PBXSourcesBuildPhase;
			buildActionMask = 2147483647;
			files = (
				57AAD8E52062E29E00136719 /* main.c in Sources */,
			);
			runOnlyForDeploymentPostprocessing = 0;
		};
/* End PBXSourcesBuildPhase section */

/* Begin PBXTargetDependency section */
		57AAD8EE2062E2E100136719 /* PBXTargetDependency */ = {
			isa = PBXTargetDependency;
			name = wcm;
			targetProxy = 57AAD8ED2062E2E100136719 /* PBXContainerItemProxy */;
		};
/* End PBXTargetDependency section */

/* Begin XCBuildConfiguration section */
		57AAD8DD2062E27600136719 /* Debug */ = {
			isa = XCBuildConfiguration;
			buildSettings = {
				ALWAYS_SEARCH_USER_PATHS = NO;
				CLANG_ANALYZER_NONNULL = YES;
				CLANG_ANALYZER_NUMBER_OBJECT_CONVERSION = YES_AGGRESSIVE;
				CLANG_CXX_LANGUAGE_STANDARD = "gnu++14";
				CLANG_CXX_LIBRARY = "libc++";
				CLANG_ENABLE_MODULES = YES;
				CLANG_ENABLE_OBJC_ARC = YES;
				CLANG_WARN_BLOCK_CAPTURE_AUTORELEASING = YES;
				CLANG_WARN_BOOL_CONVERSION = YES;
				CLANG_WARN_COMMA = YES;
				CLANG_WARN_CONSTANT_CONVERSION = YES;
				CLANG_WARN_DIRECT_OBJC_ISA_USAGE = YES_ERROR;
				CLANG_WARN_DOCUMENTATION_COMMENTS = YES;
				CLANG_WARN_EMPTY_BODY = YES;
				CLANG_WARN_ENUM_CONVERSION = YES;
				CLANG_WARN_INFINITE_RECURSION = YES;
				CLANG_WARN_INT_CONVERSION = YES;
				CLANG_WARN_NON_LITERAL_NULL_CONVERSION = YES;
				CLANG_WARN_OBJC_LITERAL_CONVERSION = YES;
				CLANG_WARN_OBJC_ROOT_CLASS = YES_ERROR;
				CLANG_WARN_RANGE_LOOP_ANALYSIS = YES;
				CLANG_WARN_STRICT_PROTOTYPES = YES;
				CLANG_WARN_SUSPICIOUS_MOVE = YES;
				CLANG_WARN_UNGUARDED_AVAILABILITY = YES_AGGRESSIVE;
				CLANG_WARN_UNREACHABLE_CODE = YES;
				CLANG_WARN__DUPLICATE_METHOD_MATCH = YES;
				CODE_SIGN_IDENTITY = "Mac Developer";
				COPY_PHASE_STRIP = NO;
				DEBUG_INFORMATION_FORMAT = dwarf;
				ENABLE_STRICT_OBJC_MSGSEND = YES;
				ENABLE_TESTABILITY = YES;
				GCC_C_LANGUAGE_STANDARD = gnu11;
				GCC_DYNAMIC_NO_PIC = NO;
				GCC_NO_COMMON_BLOCKS = YES;
				GCC_OPTIMIZATION_LEVEL = 0;
				GCC_PREPROCESSOR_DEFINITIONS = (
					"DEBUG=1",
					"$(inherited)",
				);
				GCC_WARN_64_TO_32_BIT_CONVERSION = YES;
				GCC_WARN_ABOUT_RETURN_TYPE = YES_ERROR;
				GCC_WARN_UNDECLARED_SELECTOR = YES;
				GCC_WARN_UNINITIALIZED_AUTOS = YES_AGGRESSIVE;
				GCC_WARN_UNUSED_FUNCTION = YES;
				GCC_WARN_UNUSED_VARIABLE = YES;
				MACOSX_DEPLOYMENT_TARGET = 10.13;
				MTL_ENABLE_DEBUG_INFO = YES;
				ONLY_ACTIVE_ARCH = YES;
				SDKROOT = macosx;
			};
			name = Debug;
		};
		57AAD8DE2062E27600136719 /* Release */ = {
			isa = XCBuildConfiguration;
			buildSettings = {
				ALWAYS_SEARCH_USER_PATHS = NO;
				CLANG_ANALYZER_NONNULL = YES;
				CLANG_ANALYZER_NUMBER_OBJECT_CONVERSION = YES_AGGRESSIVE;
				CLANG_CXX_LANGUAGE_STANDARD = "gnu++14";
				CLANG_CXX_LIBRARY = "libc++";
				CLANG_ENABLE_MODULES = YES;
				CLANG_ENABLE_OBJC_ARC = YES;
				CLANG_WARN_BLOCK_CAPTURE_AUTORELEASING = YES;
				CLANG_WARN_BOOL_CONVERSION = YES;
				CLANG_WARN_COMMA = YES;
				CLANG_WARN_CONSTANT_CONVERSION = YES;
				CLANG_WARN_DIRECT_OBJC_ISA_USAGE = YES_ERROR;
				CLANG_WARN_DOCUMENTATION_COMMENTS = YES;
				CLANG_WARN_EMPTY_BODY = YES;
				CLANG_WARN_ENUM_CONVERSION = YES;
				CLANG_WARN_INFINITE_RECURSION = YES;
				CLANG_WARN_INT_CONVERSION = YES;
				CLANG_WARN_NON_LITERAL_NULL_CONVERSION = YES;
				CLANG_WARN_OBJC_LITERAL_CONVERSION = YES;
				CLANG_WARN_OBJC_ROOT_CLASS = YES_ERROR;
				CLANG_WARN_RANGE_LOOP_ANALYSIS = YES;
				CLANG_WARN_STRICT_PROTOTYPES = YES;
				CLANG_WARN_SUSPICIOUS_MOVE = YES;
				CLANG_WARN_UNGUARDED_AVAILABILITY = YES_AGGRESSIVE;
				CLANG_WARN_UNREACHABLE_CODE = YES;
				CLANG_WARN__DUPLICATE_METHOD_MATCH = YES;
				CODE_SIGN_IDENTITY = "Mac Developer";
				COPY_PHASE_STRIP = NO;
				DEBUG_INFORMATION_FORMAT = "dwarf-with-dsym";
				ENABLE_NS_ASSERTIONS = NO;
				ENABLE_STRICT_OBJC_MSGSEND = YES;
				GCC_C_LANGUAGE_STANDARD = gnu11;
				GCC_NO_COMMON_BLOCKS = YES;
				GCC_WARN_64_TO_32_BIT_CONVERSION = YES;
				GCC_WARN_ABOUT_RETURN_TYPE = YES_ERROR;
				GCC_WARN_UNDECLARED_SELECTOR = YES;
				GCC_WARN_UNINITIALIZED_AUTOS = YES_AGGRESSIVE;
				GCC_WARN_UNUSED_FUNCTION = YES;
				GCC_WARN_UNUSED_VARIABLE = YES;
				MACOSX_DEPLOYMENT_TARGET = 10.13;
				MTL_ENABLE_DEBUG_INFO = NO;
				SDKROOT = macosx;
			};
			name = Release;
		};
		57AAD8E02062E27600136719 /* Debug */ = {
			isa = XCBuildConfiguration;
			buildSettings = {
				CODE_SIGN_STYLE = Automatic;
				DEVELOPMENT_TEAM = W7MSG2FEA9;
				HEADER_SEARCH_PATHS = (
					../../src/,
					/usr/local/include,
				);
				LIBRARY_SEARCH_PATHS = /usr/local/lib;
				PRODUCT_NAME = "$(TARGET_NAME)";
			};
			name = Debug;
		};
		57AAD8E12062E27600136719 /* Release */ = {
			isa = XCBuildConfiguration;
			buildSettings = {
				CODE_SIGN_STYLE = Automatic;
				DEVELOPMENT_TEAM = W7MSG2FEA9;
				HEADER_SEARCH_PATHS = (
					../../src/,
					/usr/local/include,
				);
				LIBRARY_SEARCH_PATHS = /usr/local/lib;
				PRODUCT_NAME = "$(TARGET_NAME)";
			};
			name = Release;
		};
/* End XCBuildConfiguration section */

/* Begin XCConfigurationList section */
		57AAD8D32062E27600136719 /* Build configuration list for PBXProject "wcm_demo" */ = {
			isa = XCConfigurationList;
			buildConfigurations = (
				57AAD8DD2062E27600136719 /* Debug */,
				57AAD8DE2062E27600136719 /* Release */,
			);
			defaultConfigurationIsVisible = 0;
			defaultConfigurationName = Release;
		};
		57AAD8DF2062E27600136719 /* Build configuration list for PBXNativeTarget "wcm_demo" */ = {
			isa = XCConfigurationList;
			buildConfigurations = (
				57AAD8E02062E27600136719 /* Debug */,
				57AAD8E12062E27600136719 /* Release */,
			);
			defaultConfigurationIsVisible = 0;
			defaultConfigurationName = Release;
		};
/* End XCConfigurationList section */
	};
	rootObject = 57AAD8D02062E27600136719 /* Project object */;
}
