// !$*UTF8*$!
{
	archiveVersion = 1;
	classes = {
	};
	objectVersion = 48;
	objects = {

/* Begin PBXBuildFile section */
		5721DC8C2077106B00C141BB /* wcm.c in Sources */ = {isa = PBXBuildFile; fileRef = 5721DC8A2077106B00C141BB /* wcm.c */; };
		5721DC8D2077106B00C141BB /* wcm.h in Headers */ = {isa = PBXBuildFile; fileRef = 5721DC8B2077106B00C141BB /* wcm.h */; };
		5760ECE120630DB600430B0A /* wcm_tablet_pencil.h in Headers */ = {isa = PBXBuildFile; fileRef = 5760ECDF20630DB600430B0A /* wcm_tablet_pencil.h */; };
		5760ECE220630DB600430B0A /* wcm_tablet_pencil.m in Sources */ = {isa = PBXBuildFile; fileRef = 5760ECE020630DB600430B0A /* wcm_tablet_pencil.m */; };
		57AAD904206306E500136719 /* wcm_tablet_cocoa.m in Sources */ = {isa = PBXBuildFile; fileRef = 57AAD8FE206306E500136719 /* wcm_tablet_cocoa.m */; };
		57AAD907206306E500136719 /* wcm_tablet_cocoa.h in Headers */ = {isa = PBXBuildFile; fileRef = 57AAD901206306E500136719 /* wcm_tablet_cocoa.h */; };
		57AAD9102063073C00136719 /* NSAppleEventDescriptorHelperCategory.m in Sources */ = {isa = PBXBuildFile; fileRef = 57AAD90B2063073B00136719 /* NSAppleEventDescriptorHelperCategory.m */; };
		57AAD9112063073C00136719 /* TabletAEDictionary.h in Headers */ = {isa = PBXBuildFile; fileRef = 57AAD90C2063073B00136719 /* TabletAEDictionary.h */; };
		57AAD9122063073C00136719 /* WacomTabletDriver.m in Sources */ = {isa = PBXBuildFile; fileRef = 57AAD90D2063073B00136719 /* WacomTabletDriver.m */; };
		57AAD9132063073C00136719 /* NSAppleEventDescriptorHelperCategory.h in Headers */ = {isa = PBXBuildFile; fileRef = 57AAD90E2063073B00136719 /* NSAppleEventDescriptorHelperCategory.h */; };
		57AAD9142063073C00136719 /* WacomTabletDriver.h in Headers */ = {isa = PBXBuildFile; fileRef = 57AAD90F2063073B00136719 /* WacomTabletDriver.h */; };
		57D732982070684700726D51 /* NSAppleEventDescriptorHelperCategory.m in Sources */ = {isa = PBXBuildFile; fileRef = 57D732902070684700726D51 /* NSAppleEventDescriptorHelperCategory.m */; };
		57D732992070684700726D51 /* TabletAEDictionary.h in Headers */ = {isa = PBXBuildFile; fileRef = 57D732912070684700726D51 /* TabletAEDictionary.h */; };
		57D7329A2070684700726D51 /* WacomTabletDriver.m in Sources */ = {isa = PBXBuildFile; fileRef = 57D732922070684700726D51 /* WacomTabletDriver.m */; };
		57D7329B2070684700726D51 /* NSAppleEventDescriptorHelperCategory.h in Headers */ = {isa = PBXBuildFile; fileRef = 57D732932070684700726D51 /* NSAppleEventDescriptorHelperCategory.h */; };
		57D7329C2070684700726D51 /* WacomTabletDriver.h in Headers */ = {isa = PBXBuildFile; fileRef = 57D732942070684700726D51 /* WacomTabletDriver.h */; };
		57D7329D2070684700726D51 /* wintab.h in Headers */ = {isa = PBXBuildFile; fileRef = 57D732962070684700726D51 /* wintab.h */; };
/* End PBXBuildFile section */

/* Begin PBXFileReference section */
		5721DC8A2077106B00C141BB /* wcm.c */ = {isa = PBXFileReference; fileEncoding = 4; lastKnownFileType = sourcecode.c.c; name = wcm.c; path = ../wcm.c; sourceTree = "<group>"; };
		5721DC8B2077106B00C141BB /* wcm.h */ = {isa = PBXFileReference; fileEncoding = 4; lastKnownFileType = sourcecode.c.h; name = wcm.h; path = ../wcm.h; sourceTree = "<group>"; };
		5760ECAF2062D68C00430B0A /* libwcm.a */ = {isa = PBXFileReference; explicitFileType = archive.ar; includeInIndex = 0; path = libwcm.a; sourceTree = BUILT_PRODUCTS_DIR; };
		5760ECDF20630DB600430B0A /* wcm_tablet_pencil.h */ = {isa = PBXFileReference; lastKnownFileType = sourcecode.c.h; path = wcm_tablet_pencil.h; sourceTree = "<group>"; };
		5760ECE020630DB600430B0A /* wcm_tablet_pencil.m */ = {isa = PBXFileReference; lastKnownFileType = sourcecode.c.objc; path = wcm_tablet_pencil.m; sourceTree = "<group>"; };
		57AAD8FE206306E500136719 /* wcm_tablet_cocoa.m */ = {isa = PBXFileReference; fileEncoding = 4; lastKnownFileType = sourcecode.c.objc; path = wcm_tablet_cocoa.m; sourceTree = "<group>"; };
		57AAD901206306E500136719 /* wcm_tablet_cocoa.h */ = {isa = PBXFileReference; fileEncoding = 4; lastKnownFileType = sourcecode.c.h; path = wcm_tablet_cocoa.h; sourceTree = "<group>"; };
		57AAD90B2063073B00136719 /* NSAppleEventDescriptorHelperCategory.m */ = {isa = PBXFileReference; fileEncoding = 4; lastKnownFileType = sourcecode.c.objc; path = NSAppleEventDescriptorHelperCategory.m; sourceTree = "<group>"; };
		57AAD90C2063073B00136719 /* TabletAEDictionary.h */ = {isa = PBXFileReference; fileEncoding = 4; lastKnownFileType = sourcecode.c.h; path = TabletAEDictionary.h; sourceTree = "<group>"; };
		57AAD90D2063073B00136719 /* WacomTabletDriver.m */ = {isa = PBXFileReference; fileEncoding = 4; lastKnownFileType = sourcecode.c.objc; path = WacomTabletDriver.m; sourceTree = "<group>"; };
		57AAD90E2063073B00136719 /* NSAppleEventDescriptorHelperCategory.h */ = {isa = PBXFileReference; fileEncoding = 4; lastKnownFileType = sourcecode.c.h; path = NSAppleEventDescriptorHelperCategory.h; sourceTree = "<group>"; };
		57AAD90F2063073B00136719 /* WacomTabletDriver.h */ = {isa = PBXFileReference; fileEncoding = 4; lastKnownFileType = sourcecode.c.h; path = WacomTabletDriver.h; sourceTree = "<group>"; };
		57D732902070684700726D51 /* NSAppleEventDescriptorHelperCategory.m */ = {isa = PBXFileReference; fileEncoding = 4; lastKnownFileType = sourcecode.c.objc; path = NSAppleEventDescriptorHelperCategory.m; sourceTree = "<group>"; };
		57D732912070684700726D51 /* TabletAEDictionary.h */ = {isa = PBXFileReference; fileEncoding = 4; lastKnownFileType = sourcecode.c.h; path = TabletAEDictionary.h; sourceTree = "<group>"; };
		57D732922070684700726D51 /* WacomTabletDriver.m */ = {isa = PBXFileReference; fileEncoding = 4; lastKnownFileType = sourcecode.c.objc; path = WacomTabletDriver.m; sourceTree = "<group>"; };
		57D732932070684700726D51 /* NSAppleEventDescriptorHelperCategory.h */ = {isa = PBXFileReference; fileEncoding = 4; lastKnownFileType = sourcecode.c.h; path = NSAppleEventDescriptorHelperCategory.h; sourceTree = "<group>"; };
		57D732942070684700726D51 /* WacomTabletDriver.h */ = {isa = PBXFileReference; fileEncoding = 4; lastKnownFileType = sourcecode.c.h; path = WacomTabletDriver.h; sourceTree = "<group>"; };
		57D732962070684700726D51 /* wintab.h */ = {isa = PBXFileReference; fileEncoding = 4; lastKnownFileType = sourcecode.c.h; path = wintab.h; sourceTree = "<group>"; };
/* End PBXFileReference section */

/* Begin PBXFrameworksBuildPhase section */
		5760ECAC2062D68C00430B0A /* Frameworks */ = {
			isa = PBXFrameworksBuildPhase;
			buildActionMask = 2147483647;
			files = (
			);
			runOnlyForDeploymentPostprocessing = 0;
		};
/* End PBXFrameworksBuildPhase section */

/* Begin PBXGroup section */
		5760ECA62062D68C00430B0A = {
			isa = PBXGroup;
			children = (
				57D7328D2070684700726D51 /* contrib */,
				57AAD90A2063073B00136719 /* macos */,
				5760ECB72062D7F300430B0A /* src */,
				5760ECB02062D68C00430B0A /* Products */,
			);
			sourceTree = "<group>";
		};
		5760ECB02062D68C00430B0A /* Products */ = {
			isa = PBXGroup;
			children = (
				5760ECAF2062D68C00430B0A /* libwcm.a */,
			);
			name = Products;
			sourceTree = "<group>";
		};
		5760ECB72062D7F300430B0A /* src */ = {
			isa = PBXGroup;
			children = (
				5721DC8A2077106B00C141BB /* wcm.c */,
				5721DC8B2077106B00C141BB /* wcm.h */,
				5760ECDF20630DB600430B0A /* wcm_tablet_pencil.h */,
				5760ECE020630DB600430B0A /* wcm_tablet_pencil.m */,
				57AAD901206306E500136719 /* wcm_tablet_cocoa.h */,
				57AAD8FE206306E500136719 /* wcm_tablet_cocoa.m */,
			);
			name = src;
			path = ../src;
			sourceTree = "<group>";
		};
		57AAD90A2063073B00136719 /* macos */ = {
			isa = PBXGroup;
			children = (
				57AAD90B2063073B00136719 /* NSAppleEventDescriptorHelperCategory.m */,
				57AAD90C2063073B00136719 /* TabletAEDictionary.h */,
				57AAD90D2063073B00136719 /* WacomTabletDriver.m */,
				57AAD90E2063073B00136719 /* NSAppleEventDescriptorHelperCategory.h */,
				57AAD90F2063073B00136719 /* WacomTabletDriver.h */,
			);
			name = macos;
			path = ../contrib/wacom/macos;
			sourceTree = "<group>";
		};
		57D7328D2070684700726D51 /* contrib */ = {
			isa = PBXGroup;
			children = (
				57D7328E2070684700726D51 /* wacom */,
				57D732972070684700726D51 /* easytab */,
			);
			name = contrib;
			path = ../contrib;
			sourceTree = "<group>";
		};
		57D7328E2070684700726D51 /* wacom */ = {
			isa = PBXGroup;
			children = (
				57D7328F2070684700726D51 /* macos */,
				57D732952070684700726D51 /* windows */,
			);
			path = wacom;
			sourceTree = "<group>";
		};
		57D7328F2070684700726D51 /* macos */ = {
			isa = PBXGroup;
			children = (
				57D732902070684700726D51 /* NSAppleEventDescriptorHelperCategory.m */,
				57D732912070684700726D51 /* TabletAEDictionary.h */,
				57D732922070684700726D51 /* WacomTabletDriver.m */,
				57D732932070684700726D51 /* NSAppleEventDescriptorHelperCategory.h */,
				57D732942070684700726D51 /* WacomTabletDriver.h */,
			);
			path = macos;
			sourceTree = "<group>";
		};
		57D732952070684700726D51 /* windows */ = {
			isa = PBXGroup;
			children = (
				57D732962070684700726D51 /* wintab.h */,
			);
			path = windows;
			sourceTree = "<group>";
		};
		57D732972070684700726D51 /* easytab */ = {
			isa = PBXGroup;
			children = (
			);
			path = easytab;
			sourceTree = "<group>";
		};
/* End PBXGroup section */

/* Begin PBXHeadersBuildPhase section */
		5760ECAD2062D68C00430B0A /* Headers */ = {
			isa = PBXHeadersBuildPhase;
			buildActionMask = 2147483647;
			files = (
				57D732992070684700726D51 /* TabletAEDictionary.h in Headers */,
				57D7329C2070684700726D51 /* WacomTabletDriver.h in Headers */,
				57AAD9112063073C00136719 /* TabletAEDictionary.h in Headers */,
				57D7329B2070684700726D51 /* NSAppleEventDescriptorHelperCategory.h in Headers */,
				5721DC8D2077106B00C141BB /* wcm.h in Headers */,
				57AAD9132063073C00136719 /* NSAppleEventDescriptorHelperCategory.h in Headers */,
				57AAD9142063073C00136719 /* WacomTabletDriver.h in Headers */,
				57D7329D2070684700726D51 /* wintab.h in Headers */,
				5760ECE120630DB600430B0A /* wcm_tablet_pencil.h in Headers */,
				57AAD907206306E500136719 /* wcm_tablet_cocoa.h in Headers */,
			);
			runOnlyForDeploymentPostprocessing = 0;
		};
/* End PBXHeadersBuildPhase section */

/* Begin PBXNativeTarget section */
		5760ECAE2062D68C00430B0A /* wcm */ = {
			isa = PBXNativeTarget;
			buildConfigurationList = 5760ECB32062D68C00430B0A /* Build configuration list for PBXNativeTarget "wcm" */;
			buildPhases = (
				5760ECAB2062D68C00430B0A /* Sources */,
				5760ECAC2062D68C00430B0A /* Frameworks */,
				5760ECAD2062D68C00430B0A /* Headers */,
			);
			buildRules = (
			);
			dependencies = (
			);
			name = wcm;
			productName = wcm;
			productReference = 5760ECAF2062D68C00430B0A /* libwcm.a */;
			productType = "com.apple.product-type.library.static";
		};
/* End PBXNativeTarget section */

/* Begin PBXProject section */
		5760ECA72062D68C00430B0A /* Project object */ = {
			isa = PBXProject;
			attributes = {
				LastUpgradeCheck = 0920;
				ORGANIZATIONNAME = ruminant;
				TargetAttributes = {
					5760ECAE2062D68C00430B0A = {
						CreatedOnToolsVersion = 9.2;
						ProvisioningStyle = Automatic;
					};
				};
			};
			buildConfigurationList = 5760ECAA2062D68C00430B0A /* Build configuration list for PBXProject "wcm" */;
			compatibilityVersion = "Xcode 8.0";
			developmentRegion = en;
			hasScannedForEncodings = 0;
			knownRegions = (
				en,
			);
			mainGroup = 5760ECA62062D68C00430B0A;
			productRefGroup = 5760ECB02062D68C00430B0A /* Products */;
			projectDirPath = "";
			projectRoot = "";
			targets = (
				5760ECAE2062D68C00430B0A /* wcm */,
			);
		};
/* End PBXProject section */

/* Begin PBXSourcesBuildPhase section */
		5760ECAB2062D68C00430B0A /* Sources */ = {
			isa = PBXSourcesBuildPhase;
			buildActionMask = 2147483647;
			files = (
				5721DC8C2077106B00C141BB /* wcm.c in Sources */,
				57D7329A2070684700726D51 /* WacomTabletDriver.m in Sources */,
				57AAD9102063073C00136719 /* NSAppleEventDescriptorHelperCategory.m in Sources */,
				5760ECE220630DB600430B0A /* wcm_tablet_pencil.m in Sources */,
				57D732982070684700726D51 /* NSAppleEventDescriptorHelperCategory.m in Sources */,
				57AAD9122063073C00136719 /* WacomTabletDriver.m in Sources */,
				57AAD904206306E500136719 /* wcm_tablet_cocoa.m in Sources */,
			);
			runOnlyForDeploymentPostprocessing = 0;
		};
/* End PBXSourcesBuildPhase section */

/* Begin XCBuildConfiguration section */
		5760ECB12062D68C00430B0A /* Debug */ = {
			isa = XCBuildConfiguration;
			buildSettings = {
				ALWAYS_SEARCH_USER_PATHS = NO;
				CLANG_ANALYZER_NONNULL = YES;
				CLANG_ANALYZER_NUMBER_OBJECT_CONVERSION = YES_AGGRESSIVE;
				CLANG_CXX_LANGUAGE_STANDARD = "gnu++14";
				CLANG_CXX_LIBRARY = "libc++";
				CLANG_ENABLE_MODULES = YES;
				CLANG_ENABLE_OBJC_ARC = YES;
				CLANG_WARN_BLOCK_CAPTURE_AUTORELEASING = YES;
				CLANG_WARN_BOOL_CONVERSION = YES;
				CLANG_WARN_COMMA = YES;
				CLANG_WARN_CONSTANT_CONVERSION = YES;
				CLANG_WARN_DIRECT_OBJC_ISA_USAGE = YES_ERROR;
				CLANG_WARN_DOCUMENTATION_COMMENTS = YES;
				CLANG_WARN_EMPTY_BODY = YES;
				CLANG_WARN_ENUM_CONVERSION = YES;
				CLANG_WARN_INFINITE_RECURSION = YES;
				CLANG_WARN_INT_CONVERSION = YES;
				CLANG_WARN_NON_LITERAL_NULL_CONVERSION = YES;
				CLANG_WARN_OBJC_LITERAL_CONVERSION = YES;
				CLANG_WARN_OBJC_ROOT_CLASS = YES_ERROR;
				CLANG_WARN_RANGE_LOOP_ANALYSIS = YES;
				CLANG_WARN_STRICT_PROTOTYPES = YES;
				CLANG_WARN_SUSPICIOUS_MOVE = YES;
				CLANG_WARN_UNGUARDED_AVAILABILITY = YES_AGGRESSIVE;
				CLANG_WARN_UNREACHABLE_CODE = YES;
				CLANG_WARN__DUPLICATE_METHOD_MATCH = YES;
				CODE_SIGN_IDENTITY = "Mac Developer";
				COPY_PHASE_STRIP = NO;
				DEBUG_INFORMATION_FORMAT = dwarf;
				ENABLE_STRICT_OBJC_MSGSEND = YES;
				ENABLE_TESTABILITY = YES;
				GCC_C_LANGUAGE_STANDARD = gnu11;
				GCC_DYNAMIC_NO_PIC = NO;
				GCC_NO_COMMON_BLOCKS = YES;
				GCC_OPTIMIZATION_LEVEL = 0;
				GCC_PREPROCESSOR_DEFINITIONS = (
					"DEBUG=1",
					"$(inherited)",
				);
				GCC_WARN_64_TO_32_BIT_CONVERSION = YES;
				GCC_WARN_ABOUT_RETURN_TYPE = YES_ERROR;
				GCC_WARN_UNDECLARED_SELECTOR = YES;
				GCC_WARN_UNINITIALIZED_AUTOS = YES_AGGRESSIVE;
				GCC_WARN_UNUSED_FUNCTION = YES;
				GCC_WARN_UNUSED_VARIABLE = YES;
				MACOSX_DEPLOYMENT_TARGET = 10.13;
				MTL_ENABLE_DEBUG_INFO = YES;
				ONLY_ACTIVE_ARCH = YES;
				SDKROOT = macosx;
			};
			name = Debug;
		};
		5760ECB22062D68C00430B0A /* Release */ = {
			isa = XCBuildConfiguration;
			buildSettings = {
				ALWAYS_SEARCH_USER_PATHS = NO;
				CLANG_ANALYZER_NONNULL = YES;
				CLANG_ANALYZER_NUMBER_OBJECT_CONVERSION = YES_AGGRESSIVE;
				CLANG_CXX_LANGUAGE_STANDARD = "gnu++14";
				CLANG_CXX_LIBRARY = "libc++";
				CLANG_ENABLE_MODULES = YES;
				CLANG_ENABLE_OBJC_ARC = YES;
				CLANG_WARN_BLOCK_CAPTURE_AUTORELEASING = YES;
				CLANG_WARN_BOOL_CONVERSION = YES;
				CLANG_WARN_COMMA = YES;
				CLANG_WARN_CONSTANT_CONVERSION = YES;
				CLANG_WARN_DIRECT_OBJC_ISA_USAGE = YES_ERROR;
				CLANG_WARN_DOCUMENTATION_COMMENTS = YES;
				CLANG_WARN_EMPTY_BODY = YES;
				CLANG_WARN_ENUM_CONVERSION = YES;
				CLANG_WARN_INFINITE_RECURSION = YES;
				CLANG_WARN_INT_CONVERSION = YES;
				CLANG_WARN_NON_LITERAL_NULL_CONVERSION = YES;
				CLANG_WARN_OBJC_LITERAL_CONVERSION = YES;
				CLANG_WARN_OBJC_ROOT_CLASS = YES_ERROR;
				CLANG_WARN_RANGE_LOOP_ANALYSIS = YES;
				CLANG_WARN_STRICT_PROTOTYPES = YES;
				CLANG_WARN_SUSPICIOUS_MOVE = YES;
				CLANG_WARN_UNGUARDED_AVAILABILITY = YES_AGGRESSIVE;
				CLANG_WARN_UNREACHABLE_CODE = YES;
				CLANG_WARN__DUPLICATE_METHOD_MATCH = YES;
				CODE_SIGN_IDENTITY = "Mac Developer";
				COPY_PHASE_STRIP = NO;
				DEBUG_INFORMATION_FORMAT = "dwarf-with-dsym";
				ENABLE_NS_ASSERTIONS = NO;
				ENABLE_STRICT_OBJC_MSGSEND = YES;
				GCC_C_LANGUAGE_STANDARD = gnu11;
				GCC_NO_COMMON_BLOCKS = YES;
				GCC_WARN_64_TO_32_BIT_CONVERSION = YES;
				GCC_WARN_ABOUT_RETURN_TYPE = YES_ERROR;
				GCC_WARN_UNDECLARED_SELECTOR = YES;
				GCC_WARN_UNINITIALIZED_AUTOS = YES_AGGRESSIVE;
				GCC_WARN_UNUSED_FUNCTION = YES;
				GCC_WARN_UNUSED_VARIABLE = YES;
				MACOSX_DEPLOYMENT_TARGET = 10.13;
				MTL_ENABLE_DEBUG_INFO = NO;
				SDKROOT = macosx;
			};
			name = Release;
		};
		5760ECB42062D68C00430B0A /* Debug */ = {
			isa = XCBuildConfiguration;
			buildSettings = {
				CODE_SIGN_STYLE = Automatic;
				DEVELOPMENT_TEAM = W7MSG2FEA9;
				EXECUTABLE_PREFIX = lib;
				PRODUCT_NAME = "$(TARGET_NAME)";
			};
			name = Debug;
		};
		5760ECB52062D68C00430B0A /* Release */ = {
			isa = XCBuildConfiguration;
			buildSettings = {
				CODE_SIGN_STYLE = Automatic;
				DEVELOPMENT_TEAM = W7MSG2FEA9;
				EXECUTABLE_PREFIX = lib;
				PRODUCT_NAME = "$(TARGET_NAME)";
			};
			name = Release;
		};
/* End XCBuildConfiguration section */

/* Begin XCConfigurationList section */
		5760ECAA2062D68C00430B0A /* Build configuration list for PBXProject "wcm" */ = {
			isa = XCConfigurationList;
			buildConfigurations = (
				5760ECB12062D68C00430B0A /* Debug */,
				5760ECB22062D68C00430B0A /* Release */,
			);
			defaultConfigurationIsVisible = 0;
			defaultConfigurationName = Release;
		};
		5760ECB32062D68C00430B0A /* Build configuration list for PBXNativeTarget "wcm" */ = {
			isa = XCConfigurationList;
			buildConfigurations = (
				5760ECB42062D68C00430B0A /* Debug */,
				5760ECB52062D68C00430B0A /* Release */,
			);
			defaultConfigurationIsVisible = 0;
			defaultConfigurationName = Release;
		};
/* End XCConfigurationList section */
	};
	rootObject = 5760ECA72062D68C00430B0A /* Project object */;
}
